
Microsoft Visual Studio Solution File, Format Version 12.00
# Visual Studio 15
VisualStudioVersion = 15.0.27428.2037
MinimumVisualStudioVersion = 10.0.40219.1
Project("{FAE04EC0-301F-11D3-BF4B-00C04F79EFBC}") = "SafenetProblem2", "SafenetProblem2\SafenetProblem2.csproj", "{D7E4EB2E-B79F-4610-ADB3-C5DA20F050FD}"
EndProject
Global
	GlobalSection(SolutionConfigurationPlatforms) = preSolution
		Debug|Any CPU = Debug|Any CPU
		Release|Any CPU = Release|Any CPU
	EndGlobalSection
	GlobalSection(ProjectConfigurationPlatforms) = postSolution
		{D7E4EB2E-B79F-4610-ADB3-C5DA20F050FD}.Debug|Any CPU.ActiveCfg = Debug|Any CPU
		{D7E4EB2E-B79F-4610-ADB3-C5DA20F050FD}.Debug|Any CPU.Build.0 = Debug|Any CPU
		{D7E4EB2E-B79F-4610-ADB3-C5DA20F050FD}.Release|Any CPU.ActiveCfg = Release|Any CPU
		{D7E4EB2E-B79F-4610-ADB3-C5DA20F050FD}.Release|Any CPU.Build.0 = Release|Any CPU
	EndGlobalSection
	GlobalSection(SolutionProperties) = preSolution
		HideSolutionNode = FALSE
	EndGlobalSection
	GlobalSection(ExtensibilityGlobals) = postSolution
		SolutionGuid = {1F49E92E-7816-44D9-A07A-F2C468D1F240}
	EndGlobalSection
EndGlobal
